
Microsoft Visual Studio Solution File, Format Version 12.00
# Visual Studio 15
VisualStudioVersion = 15.0.27703.2035
MinimumVisualStudioVersion = 10.0.40219.1
Project("{FAE04EC0-301F-11D3-BF4B-00C04F79EFBC}") = "Application2", "Application2\Application2.csproj", "{8C2AC87D-E15C-4076-9995-6DE36CE012CC}"
EndProject
Global
	GlobalSection(SolutionConfigurationPlatforms) = preSolution
		Debug|Any CPU = Debug|Any CPU
		Release|Any CPU = Release|Any CPU
	EndGlobalSection
	GlobalSection(ProjectConfigurationPlatforms) = postSolution
		{8C2AC87D-E15C-4076-9995-6DE36CE012CC}.Debug|Any CPU.ActiveCfg = Debug|Any CPU
		{8C2AC87D-E15C-4076-9995-6DE36CE012CC}.Debug|Any CPU.Build.0 = Debug|Any CPU
		{8C2AC87D-E15C-4076-9995-6DE36CE012CC}.Release|Any CPU.ActiveCfg = Release|Any CPU
		{8C2AC87D-E15C-4076-9995-6DE36CE012CC}.Release|Any CPU.Build.0 = Release|Any CPU
	EndGlobalSection
	GlobalSection(SolutionProperties) = preSolution
		HideSolutionNode = FALSE
	EndGlobalSection
	GlobalSection(ExtensibilityGlobals) = postSolution
		SolutionGuid = {4E539F1F-F4D5-46C9-9FC5-B0A22A3E4F76}
	EndGlobalSection
EndGlobal
